github.com/eclipse/paho.mqtt.golang v1.1.1 h1:iPJYXJLaViCshRTW/PSqImSS6HJ2Rf671WR0bXZ2GIU=
github.com/eclipse/paho.mqtt.golang v1.1.1/go.mod h1:H9keYFcgq3Qr5OUJm/JZI/i6U7joQ8SYLhZwfeOo6Ts=
github.com/liangdas/armyant v0.0.0-20180107134350-d93b50edcdae h1:CzpjE6jKSjVu+EzhzxMQ2yZakZHnOaoGsty6KcLKSaA=
github.com/liangdas/armyant v0.0.0-20180107134350-d93b50edcdae/go.mod h1:AgpkN9LqG5QT47ca4Efu+QZ43DBNn0TLZAMdXbVjXAc=
golang.org/x/net v0.0.0-20180530234432-1e491301e022 h1:MVYFTUmVD3/+ERcvRRI+P/C2+WOUimXh+Pd8LVsklZ4=
golang.org/x/net v0.0.0-20180530234432-1e491301e022/go.mod h1:mL1N/T3taQHkDXs73rZJwtUhF3w3ftmwwsq0BUmARs4=
golang.org/x/text v0.3.0 h1:g61tztE5qeGQ89tm6NTjjM9VPIm088od1l6aSorWRWg=
golang.org/x/text v0.3.0/go.mod h1:NqM8EUOU14njkJ3fqMW+pc6Ldnwhi/IjpwHt7yyuwOQ=
